
Microsoft Visual Studio Solution File, Format Version 12.00
# Visual Studio Version 17
VisualStudioVersion = 17.14.36518.9 d17.14
MinimumVisualStudioVersion = 10.0.40219.1
Project("{FAE04EC0-301F-11D3-BF4B-00C04F79EFBC}") = "Ejercicio01HelloWorld", "Ejercicio01HelloWorld\Ejercicio01HelloWorld.csproj", "{C52B36C2-FD5F-4953-A350-0D8DD052CC72}"
EndProject
Global
	GlobalSection(SolutionConfigurationPlatforms) = preSolution
		Debug|Any CPU = Debug|Any CPU
		Release|Any CPU = Release|Any CPU
	EndGlobalSection
	GlobalSection(ProjectConfigurationPlatforms) = postSolution
		{C52B36C2-FD5F-4953-A350-0D8DD052CC72}.Debug|Any CPU.ActiveCfg = Debug|Any CPU
		{C52B36C2-FD5F-4953-A350-0D8DD052CC72}.Debug|Any CPU.Build.0 = Debug|Any CPU
		{C52B36C2-FD5F-4953-A350-0D8DD052CC72}.Release|Any CPU.ActiveCfg = Release|Any CPU
		{C52B36C2-FD5F-4953-A350-0D8DD052CC72}.Release|Any CPU.Build.0 = Release|Any CPU
	EndGlobalSection
	GlobalSection(SolutionProperties) = preSolution
		HideSolutionNode = FALSE
	EndGlobalSection
	GlobalSection(ExtensibilityGlobals) = postSolution
		SolutionGuid = {BD71BC84-7FC7-4820-A772-9A4BACD4406A}
	EndGlobalSection
EndGlobal
